
Microsoft Visual Studio Solution File, Format Version 12.00
# Visual Studio Version 16
VisualStudioVersion = 16.0.30717.126
MinimumVisualStudioVersion = 15.0.26124.0
Project("{6EC3EE1D-3C4E-46DD-8F32-0CC8E7565705}") = "Lib", "Lib\Lib.fsproj", "{3434068A-0B8E-4B6A-B444-A2A10F05B7E8}"
EndProject
Project("{F2A71F9B-5D33-465A-A702-920D77279786}") = "2015", "2015\2015.fsproj", "{849DB5FF-F1CB-40D4-8AB7-D074F6E7DB74}"
EndProject
Project("{F2A71F9B-5D33-465A-A702-920D77279786}") = "2016", "2016\2016.fsproj", "{AA928D8A-86A4-421C-ABB7-22F9B318B599}"
EndProject
Project("{F2A71F9B-5D33-465A-A702-920D77279786}") = "2017", "2017\2017.fsproj", "{D1D2432F-05E0-412C-9E90-90796724BEC9}"
EndProject
Project("{F2A71F9B-5D33-465A-A702-920D77279786}") = "2018", "2018\2018.fsproj", "{78C917F1-F53D-485B-9728-70DE51C3D839}"
EndProject
Project("{F2A71F9B-5D33-465A-A702-920D77279786}") = "2019", "2019\2019.fsproj", "{69B3E3F1-43B0-4ACF-84F7-66E253CD4620}"
EndProject
Project("{F2A71F9B-5D33-465A-A702-920D77279786}") = "2020", "2020\2020.fsproj", "{B8FE9BA4-7DDB-40B8-8B05-3B7FEC6DB46B}"
EndProject
Global
	GlobalSection(SolutionConfigurationPlatforms) = preSolution
		Debug|Any CPU = Debug|Any CPU
		Debug|x64 = Debug|x64
		Debug|x86 = Debug|x86
		Release|Any CPU = Release|Any CPU
		Release|x64 = Release|x64
		Release|x86 = Release|x86
	EndGlobalSection
	GlobalSection(ProjectConfigurationPlatforms) = postSolution
		{3434068A-0B8E-4B6A-B444-A2A10F05B7E8}.Debug|Any CPU.ActiveCfg = Debug|Any CPU
		{3434068A-0B8E-4B6A-B444-A2A10F05B7E8}.Debug|Any CPU.Build.0 = Debug|Any CPU
		{3434068A-0B8E-4B6A-B444-A2A10F05B7E8}.Debug|x64.ActiveCfg = Debug|Any CPU
		{3434068A-0B8E-4B6A-B444-A2A10F05B7E8}.Debug|x64.Build.0 = Debug|Any CPU
		{3434068A-0B8E-4B6A-B444-A2A10F05B7E8}.Debug|x86.ActiveCfg = Debug|Any CPU
		{3434068A-0B8E-4B6A-B444-A2A10F05B7E8}.Debug|x86.Build.0 = Debug|Any CPU
		{3434068A-0B8E-4B6A-B444-A2A10F05B7E8}.Release|Any CPU.ActiveCfg = Release|Any CPU
		{3434068A-0B8E-4B6A-B444-A2A10F05B7E8}.Release|Any CPU.Build.0 = Release|Any CPU
		{3434068A-0B8E-4B6A-B444-A2A10F05B7E8}.Release|x64.ActiveCfg = Release|Any CPU
		{3434068A-0B8E-4B6A-B444-A2A10F05B7E8}.Release|x64.Build.0 = Release|Any CPU
		{3434068A-0B8E-4B6A-B444-A2A10F05B7E8}.Release|x86.ActiveCfg = Release|Any CPU
		{3434068A-0B8E-4B6A-B444-A2A10F05B7E8}.Release|x86.Build.0 = Release|Any CPU
		{849DB5FF-F1CB-40D4-8AB7-D074F6E7DB74}.Debug|Any CPU.ActiveCfg = Debug|Any CPU
		{849DB5FF-F1CB-40D4-8AB7-D074F6E7DB74}.Debug|Any CPU.Build.0 = Debug|Any CPU
		{849DB5FF-F1CB-40D4-8AB7-D074F6E7DB74}.Debug|x64.ActiveCfg = Debug|Any CPU
		{849DB5FF-F1CB-40D4-8AB7-D074F6E7DB74}.Debug|x64.Build.0 = Debug|Any CPU
		{849DB5FF-F1CB-40D4-8AB7-D074F6E7DB74}.Debug|x86.ActiveCfg = Debug|Any CPU
		{849DB5FF-F1CB-40D4-8AB7-D074F6E7DB74}.Debug|x86.Build.0 = Debug|Any CPU
		{849DB5FF-F1CB-40D4-8AB7-D074F6E7DB74}.Release|Any CPU.ActiveCfg = Release|Any CPU
		{849DB5FF-F1CB-40D4-8AB7-D074F6E7DB74}.Release|Any CPU.Build.0 = Release|Any CPU
		{849DB5FF-F1CB-40D4-8AB7-D074F6E7DB74}.Release|x64.ActiveCfg = Release|Any CPU
		{849DB5FF-F1CB-40D4-8AB7-D074F6E7DB74}.Release|x64.Build.0 = Release|Any CPU
		{849DB5FF-F1CB-40D4-8AB7-D074F6E7DB74}.Release|x86.ActiveCfg = Release|Any CPU
		{849DB5FF-F1CB-40D4-8AB7-D074F6E7DB74}.Release|x86.Build.0 = Release|Any CPU
		{AA928D8A-86A4-421C-ABB7-22F9B318B599}.Debug|Any CPU.ActiveCfg = Debug|Any CPU
		{AA928D8A-86A4-421C-ABB7-22F9B318B599}.Debug|Any CPU.Build.0 = Debug|Any CPU
		{AA928D8A-86A4-421C-ABB7-22F9B318B599}.Debug|x64.ActiveCfg = Debug|Any CPU
		{AA928D8A-86A4-421C-ABB7-22F9B318B599}.Debug|x64.Build.0 = Debug|Any CPU
		{AA928D8A-86A4-421C-ABB7-22F9B318B599}.Debug|x86.ActiveCfg = Debug|Any CPU
		{AA928D8A-86A4-421C-ABB7-22F9B318B599}.Debug|x86.Build.0 = Debug|Any CPU
		{AA928D8A-86A4-421C-ABB7-22F9B318B599}.Release|Any CPU.ActiveCfg = Release|Any CPU
		{AA928D8A-86A4-421C-ABB7-22F9B318B599}.Release|Any CPU.Build.0 = Release|Any CPU
		{AA928D8A-86A4-421C-ABB7-22F9B318B599}.Release|x64.ActiveCfg = Release|Any CPU
		{AA928D8A-86A4-421C-ABB7-22F9B318B599}.Release|x64.Build.0 = Release|Any CPU
		{AA928D8A-86A4-421C-ABB7-22F9B318B599}.Release|x86.ActiveCfg = Release|Any CPU
		{AA928D8A-86A4-421C-ABB7-22F9B318B599}.Release|x86.Build.0 = Release|Any CPU
		{D1D2432F-05E0-412C-9E90-90796724BEC9}.Debug|Any CPU.ActiveCfg = Debug|Any CPU
		{D1D2432F-05E0-412C-9E90-90796724BEC9}.Debug|Any CPU.Build.0 = Debug|Any CPU
		{D1D2432F-05E0-412C-9E90-90796724BEC9}.Debug|x64.ActiveCfg = Debug|Any CPU
		{D1D2432F-05E0-412C-9E90-90796724BEC9}.Debug|x64.Build.0 = Debug|Any CPU
		{D1D2432F-05E0-412C-9E90-90796724BEC9}.Debug|x86.ActiveCfg = Debug|Any CPU
		{D1D2432F-05E0-412C-9E90-90796724BEC9}.Debug|x86.Build.0 = Debug|Any CPU
		{D1D2432F-05E0-412C-9E90-90796724BEC9}.Release|Any CPU.ActiveCfg = Release|Any CPU
		{D1D2432F-05E0-412C-9E90-90796724BEC9}.Release|Any CPU.Build.0 = Release|Any CPU
		{D1D2432F-05E0-412C-9E90-90796724BEC9}.Release|x64.ActiveCfg = Release|Any CPU
		{D1D2432F-05E0-412C-9E90-90796724BEC9}.Release|x64.Build.0 = Release|Any CPU
		{D1D2432F-05E0-412C-9E90-90796724BEC9}.Release|x86.ActiveCfg = Release|Any CPU
		{D1D2432F-05E0-412C-9E90-90796724BEC9}.Release|x86.Build.0 = Release|Any CPU
		{78C917F1-F53D-485B-9728-70DE51C3D839}.Debug|Any CPU.ActiveCfg = Debug|Any CPU
		{78C917F1-F53D-485B-9728-70DE51C3D839}.Debug|Any CPU.Build.0 = Debug|Any CPU
		{78C917F1-F53D-485B-9728-70DE51C3D839}.Debug|x64.ActiveCfg = Debug|Any CPU
		{78C917F1-F53D-485B-9728-70DE51C3D839}.Debug|x64.Build.0 = Debug|Any CPU
		{78C917F1-F53D-485B-9728-70DE51C3D839}.Debug|x86.ActiveCfg = Debug|Any CPU
		{78C917F1-F53D-485B-9728-70DE51C3D839}.Debug|x86.Build.0 = Debug|Any CPU
		{78C917F1-F53D-485B-9728-70DE51C3D839}.Release|Any CPU.ActiveCfg = Release|Any CPU
		{78C917F1-F53D-485B-9728-70DE51C3D839}.Release|Any CPU.Build.0 = Release|Any CPU
		{78C917F1-F53D-485B-9728-70DE51C3D839}.Release|x64.ActiveCfg = Release|Any CPU
		{78C917F1-F53D-485B-9728-70DE51C3D839}.Release|x64.Build.0 = Release|Any CPU
		{78C917F1-F53D-485B-9728-70DE51C3D839}.Release|x86.ActiveCfg = Release|Any CPU
		{78C917F1-F53D-485B-9728-70DE51C3D839}.Release|x86.Build.0 = Release|Any CPU
		{B8FE9BA4-7DDB-40B8-8B05-3B7FEC6DB46B}.Debug|Any CPU.ActiveCfg = Debug|Any CPU
		{B8FE9BA4-7DDB-40B8-8B05-3B7FEC6DB46B}.Debug|Any CPU.Build.0 = Debug|Any CPU
		{B8FE9BA4-7DDB-40B8-8B05-3B7FEC6DB46B}.Debug|x64.ActiveCfg = Debug|Any CPU
		{B8FE9BA4-7DDB-40B8-8B05-3B7FEC6DB46B}.Debug|x64.Build.0 = Debug|Any CPU
		{B8FE9BA4-7DDB-40B8-8B05-3B7FEC6DB46B}.Debug|x86.ActiveCfg = Debug|Any CPU
		{B8FE9BA4-7DDB-40B8-8B05-3B7FEC6DB46B}.Debug|x86.Build.0 = Debug|Any CPU
		{B8FE9BA4-7DDB-40B8-8B05-3B7FEC6DB46B}.Release|Any CPU.ActiveCfg = Release|Any CPU
		{B8FE9BA4-7DDB-40B8-8B05-3B7FEC6DB46B}.Release|Any CPU.Build.0 = Release|Any CPU
		{B8FE9BA4-7DDB-40B8-8B05-3B7FEC6DB46B}.Release|x64.ActiveCfg = Release|Any CPU
		{B8FE9BA4-7DDB-40B8-8B05-3B7FEC6DB46B}.Release|x64.Build.0 = Release|Any CPU
		{B8FE9BA4-7DDB-40B8-8B05-3B7FEC6DB46B}.Release|x86.ActiveCfg = Release|Any CPU
		{B8FE9BA4-7DDB-40B8-8B05-3B7FEC6DB46B}.Release|x86.Build.0 = Release|Any CPU
		{69B3E3F1-43B0-4ACF-84F7-66E253CD4620}.Debug|Any CPU.ActiveCfg = Debug|Any CPU
		{69B3E3F1-43B0-4ACF-84F7-66E253CD4620}.Debug|Any CPU.Build.0 = Debug|Any CPU
		{69B3E3F1-43B0-4ACF-84F7-66E253CD4620}.Debug|x64.ActiveCfg = Debug|Any CPU
		{69B3E3F1-43B0-4ACF-84F7-66E253CD4620}.Debug|x64.Build.0 = Debug|Any CPU
		{69B3E3F1-43B0-4ACF-84F7-66E253CD4620}.Debug|x86.ActiveCfg = Debug|Any CPU
		{69B3E3F1-43B0-4ACF-84F7-66E253CD4620}.Debug|x86.Build.0 = Debug|Any CPU
		{69B3E3F1-43B0-4ACF-84F7-66E253CD4620}.Release|Any CPU.ActiveCfg = Release|Any CPU
		{69B3E3F1-43B0-4ACF-84F7-66E253CD4620}.Release|Any CPU.Build.0 = Release|Any CPU
		{69B3E3F1-43B0-4ACF-84F7-66E253CD4620}.Release|x64.ActiveCfg = Release|Any CPU
		{69B3E3F1-43B0-4ACF-84F7-66E253CD4620}.Release|x64.Build.0 = Release|Any CPU
		{69B3E3F1-43B0-4ACF-84F7-66E253CD4620}.Release|x86.ActiveCfg = Release|Any CPU
		{69B3E3F1-43B0-4ACF-84F7-66E253CD4620}.Release|x86.Build.0 = Release|Any CPU
	EndGlobalSection
	GlobalSection(SolutionProperties) = preSolution
		HideSolutionNode = FALSE
	EndGlobalSection
	GlobalSection(ExtensibilityGlobals) = postSolution
		SolutionGuid = {BB3251D0-C48E-4E84-9A06-ACA64A365F8A}
	EndGlobalSection
EndGlobal
